
Microsoft Visual Studio Solution File, Format Version 12.00
# Visual Studio Version 17
VisualStudioVersion = 17.5.002.0
MinimumVisualStudioVersion = 10.0.40219.1
Project("{2150E333-8FDC-42A3-9474-1A3956D46DE8}") = "expense-tracker", "expense-tracker", "{5CA689C2-6932-4426-ACE2-ED25EEDCC2A6}"
EndProject
Project("{2150E333-8FDC-42A3-9474-1A3956D46DE8}") = "1-smart-contract", "1-smart-contract", "{E9FFCAE3-DB36-465B-8420-589B977509DB}"
EndProject
Project("{9A19103F-16F7-4668-BE54-9A1E7A4F7556}") = "ExpenseTracker", "expense-tracker\1-smart-contract\src\ExpenseTracker.csproj", "{E19F9AB7-0729-4305-B452-7DAF59BD3119}"
EndProject
Project("{9A19103F-16F7-4668-BE54-9A1E7A4F7556}") = "ExpenseTracker.Tests", "expense-tracker\1-smart-contract\test\ExpenseTracker.Tests.csproj", "{312E7B4D-7510-438A-8630-DB8012DBC82E}"
EndProject
Project("{2150E333-8FDC-42A3-9474-1A3956D46DE8}") = "staking", "staking", "{F53857C0-41AB-4493-AE22-8F8C61694B86}"
EndProject
Project("{2150E333-8FDC-42A3-9474-1A3956D46DE8}") = "1-smart-contract", "1-smart-contract", "{FFE6A388-A40E-49F3-964D-999ADF222F7F}"
EndProject
Project("{9A19103F-16F7-4668-BE54-9A1E7A4F7556}") = "SinglePoolStaking", "staking\1-smart-contract\src\SinglePoolStaking.csproj", "{8DE25B22-6296-4D26-B51D-49EEC504CE5E}"
EndProject
Project("{9A19103F-16F7-4668-BE54-9A1E7A4F7556}") = "SinglePoolStaking.Tests", "staking\1-smart-contract\test\SinglePoolStaking.Tests.csproj", "{34A247A4-26AA-474A-A5DA-07C584F62959}"
EndProject
Project("{2150E333-8FDC-42A3-9474-1A3956D46DE8}") = "tic-tac-toe", "tic-tac-toe", "{D362FC74-9B7B-4887-B734-6324AD06178B}"
EndProject
Project("{2150E333-8FDC-42A3-9474-1A3956D46DE8}") = "1-smart-contract", "1-smart-contract", "{D85D1746-782F-47B3-91AE-A26CB13E2F74}"
EndProject
Project("{9A19103F-16F7-4668-BE54-9A1E7A4F7556}") = "TicTacToe", "tic-tac-toe\1-smart-contract\src\TicTacToe.csproj", "{EDD6EEF0-9CF7-4582-9F7B-DDBFE530D3EB}"
EndProject
Project("{9A19103F-16F7-4668-BE54-9A1E7A4F7556}") = "TicTacToe.Tests", "tic-tac-toe\1-smart-contract\test\TicTacToe.Tests.csproj", "{2E4CA383-30BC-4838-B113-EC80C5C1DDA0}"
EndProject
Project("{2150E333-8FDC-42A3-9474-1A3956D46DE8}") = "todo", "todo", "{A359840B-2099-498F-8A30-083FD49E82A7}"
EndProject
Project("{2150E333-8FDC-42A3-9474-1A3956D46DE8}") = "1-smart-contract", "1-smart-contract", "{C154FBEF-F167-4CCD-8D62-D20FA643B0BE}"
EndProject
Project("{9A19103F-16F7-4668-BE54-9A1E7A4F7556}") = "ToDo", "todo\1-smart-contract\src\ToDo.csproj", "{A721714D-9072-4BA6-A223-1869C0CDCCBB}"
EndProject
Project("{9A19103F-16F7-4668-BE54-9A1E7A4F7556}") = "ToDo.Tests", "todo\1-smart-contract\test\ToDo.Tests.csproj", "{C84C349A-79BB-45C8-BBC1-5F8173F22320}"
EndProject
Project("{2150E333-8FDC-42A3-9474-1A3956D46DE8}") = "vote", "vote", "{CF6B79CA-5A1C-43B4-8076-1B78A6E91C90}"
EndProject
Project("{2150E333-8FDC-42A3-9474-1A3956D46DE8}") = "1-smart-contract", "1-smart-contract", "{B826D693-C601-4009-A800-CDFAD91ADEB5}"
EndProject
Project("{9A19103F-16F7-4668-BE54-9A1E7A4F7556}") = "BuildersDAO", "vote\1-smart-contract\src\BuildersDAO.csproj", "{353A01B9-0809-483A-9AD1-1B6A1A11DF34}"
EndProject
Project("{9A19103F-16F7-4668-BE54-9A1E7A4F7556}") = "BuildersDAO.Tests", "vote\1-smart-contract\test\BuildersDAO.Tests.csproj", "{DED9C7C3-D87B-4D23-97A3-0FEFB4DDA39D}"
EndProject
Global
	GlobalSection(SolutionConfigurationPlatforms) = preSolution
		Debug|Any CPU = Debug|Any CPU
		Release|Any CPU = Release|Any CPU
	EndGlobalSection
	GlobalSection(ProjectConfigurationPlatforms) = postSolution
		{E19F9AB7-0729-4305-B452-7DAF59BD3119}.Debug|Any CPU.ActiveCfg = Debug|Any CPU
		{E19F9AB7-0729-4305-B452-7DAF59BD3119}.Debug|Any CPU.Build.0 = Debug|Any CPU
		{E19F9AB7-0729-4305-B452-7DAF59BD3119}.Release|Any CPU.ActiveCfg = Release|Any CPU
		{E19F9AB7-0729-4305-B452-7DAF59BD3119}.Release|Any CPU.Build.0 = Release|Any CPU
		{312E7B4D-7510-438A-8630-DB8012DBC82E}.Debug|Any CPU.ActiveCfg = Debug|Any CPU
		{312E7B4D-7510-438A-8630-DB8012DBC82E}.Debug|Any CPU.Build.0 = Debug|Any CPU
		{312E7B4D-7510-438A-8630-DB8012DBC82E}.Release|Any CPU.ActiveCfg = Release|Any CPU
		{312E7B4D-7510-438A-8630-DB8012DBC82E}.Release|Any CPU.Build.0 = Release|Any CPU
		{8DE25B22-6296-4D26-B51D-49EEC504CE5E}.Debug|Any CPU.ActiveCfg = Debug|Any CPU
		{8DE25B22-6296-4D26-B51D-49EEC504CE5E}.Debug|Any CPU.Build.0 = Debug|Any CPU
		{8DE25B22-6296-4D26-B51D-49EEC504CE5E}.Release|Any CPU.ActiveCfg = Release|Any CPU
		{8DE25B22-6296-4D26-B51D-49EEC504CE5E}.Release|Any CPU.Build.0 = Release|Any CPU
		{34A247A4-26AA-474A-A5DA-07C584F62959}.Debug|Any CPU.ActiveCfg = Debug|Any CPU
		{34A247A4-26AA-474A-A5DA-07C584F62959}.Debug|Any CPU.Build.0 = Debug|Any CPU
		{34A247A4-26AA-474A-A5DA-07C584F62959}.Release|Any CPU.ActiveCfg = Release|Any CPU
		{34A247A4-26AA-474A-A5DA-07C584F62959}.Release|Any CPU.Build.0 = Release|Any CPU
		{EDD6EEF0-9CF7-4582-9F7B-DDBFE530D3EB}.Debug|Any CPU.ActiveCfg = Debug|Any CPU
		{EDD6EEF0-9CF7-4582-9F7B-DDBFE530D3EB}.Debug|Any CPU.Build.0 = Debug|Any CPU
		{EDD6EEF0-9CF7-4582-9F7B-DDBFE530D3EB}.Release|Any CPU.ActiveCfg = Release|Any CPU
		{EDD6EEF0-9CF7-4582-9F7B-DDBFE530D3EB}.Release|Any CPU.Build.0 = Release|Any CPU
		{2E4CA383-30BC-4838-B113-EC80C5C1DDA0}.Debug|Any CPU.ActiveCfg = Debug|Any CPU
		{2E4CA383-30BC-4838-B113-EC80C5C1DDA0}.Debug|Any CPU.Build.0 = Debug|Any CPU
		{2E4CA383-30BC-4838-B113-EC80C5C1DDA0}.Release|Any CPU.ActiveCfg = Release|Any CPU
		{2E4CA383-30BC-4838-B113-EC80C5C1DDA0}.Release|Any CPU.Build.0 = Release|Any CPU
		{A721714D-9072-4BA6-A223-1869C0CDCCBB}.Debug|Any CPU.ActiveCfg = Debug|Any CPU
		{A721714D-9072-4BA6-A223-1869C0CDCCBB}.Debug|Any CPU.Build.0 = Debug|Any CPU
		{A721714D-9072-4BA6-A223-1869C0CDCCBB}.Release|Any CPU.ActiveCfg = Release|Any CPU
		{A721714D-9072-4BA6-A223-1869C0CDCCBB}.Release|Any CPU.Build.0 = Release|Any CPU
		{C84C349A-79BB-45C8-BBC1-5F8173F22320}.Debug|Any CPU.ActiveCfg = Debug|Any CPU
		{C84C349A-79BB-45C8-BBC1-5F8173F22320}.Debug|Any CPU.Build.0 = Debug|Any CPU
		{C84C349A-79BB-45C8-BBC1-5F8173F22320}.Release|Any CPU.ActiveCfg = Release|Any CPU
		{C84C349A-79BB-45C8-BBC1-5F8173F22320}.Release|Any CPU.Build.0 = Release|Any CPU
		{353A01B9-0809-483A-9AD1-1B6A1A11DF34}.Debug|Any CPU.ActiveCfg = Debug|Any CPU
		{353A01B9-0809-483A-9AD1-1B6A1A11DF34}.Debug|Any CPU.Build.0 = Debug|Any CPU
		{353A01B9-0809-483A-9AD1-1B6A1A11DF34}.Release|Any CPU.ActiveCfg = Release|Any CPU
		{353A01B9-0809-483A-9AD1-1B6A1A11DF34}.Release|Any CPU.Build.0 = Release|Any CPU
		{DED9C7C3-D87B-4D23-97A3-0FEFB4DDA39D}.Debug|Any CPU.ActiveCfg = Debug|Any CPU
		{DED9C7C3-D87B-4D23-97A3-0FEFB4DDA39D}.Debug|Any CPU.Build.0 = Debug|Any CPU
		{DED9C7C3-D87B-4D23-97A3-0FEFB4DDA39D}.Release|Any CPU.ActiveCfg = Release|Any CPU
		{DED9C7C3-D87B-4D23-97A3-0FEFB4DDA39D}.Release|Any CPU.Build.0 = Release|Any CPU
	EndGlobalSection
	GlobalSection(SolutionProperties) = preSolution
		HideSolutionNode = FALSE
	EndGlobalSection
	GlobalSection(NestedProjects) = preSolution
		{E9FFCAE3-DB36-465B-8420-589B977509DB} = {5CA689C2-6932-4426-ACE2-ED25EEDCC2A6}
		{E19F9AB7-0729-4305-B452-7DAF59BD3119} = {E9FFCAE3-DB36-465B-8420-589B977509DB}
		{312E7B4D-7510-438A-8630-DB8012DBC82E} = {E9FFCAE3-DB36-465B-8420-589B977509DB}
		{FFE6A388-A40E-49F3-964D-999ADF222F7F} = {F53857C0-41AB-4493-AE22-8F8C61694B86}
		{8DE25B22-6296-4D26-B51D-49EEC504CE5E} = {FFE6A388-A40E-49F3-964D-999ADF222F7F}
		{34A247A4-26AA-474A-A5DA-07C584F62959} = {FFE6A388-A40E-49F3-964D-999ADF222F7F}
		{D85D1746-782F-47B3-91AE-A26CB13E2F74} = {D362FC74-9B7B-4887-B734-6324AD06178B}
		{EDD6EEF0-9CF7-4582-9F7B-DDBFE530D3EB} = {D85D1746-782F-47B3-91AE-A26CB13E2F74}
		{2E4CA383-30BC-4838-B113-EC80C5C1DDA0} = {D85D1746-782F-47B3-91AE-A26CB13E2F74}
		{C154FBEF-F167-4CCD-8D62-D20FA643B0BE} = {A359840B-2099-498F-8A30-083FD49E82A7}
		{A721714D-9072-4BA6-A223-1869C0CDCCBB} = {C154FBEF-F167-4CCD-8D62-D20FA643B0BE}
		{C84C349A-79BB-45C8-BBC1-5F8173F22320} = {C154FBEF-F167-4CCD-8D62-D20FA643B0BE}
		{B826D693-C601-4009-A800-CDFAD91ADEB5} = {CF6B79CA-5A1C-43B4-8076-1B78A6E91C90}
		{353A01B9-0809-483A-9AD1-1B6A1A11DF34} = {B826D693-C601-4009-A800-CDFAD91ADEB5}
		{DED9C7C3-D87B-4D23-97A3-0FEFB4DDA39D} = {B826D693-C601-4009-A800-CDFAD91ADEB5}
	EndGlobalSection
	GlobalSection(ExtensibilityGlobals) = postSolution
		SolutionGuid = {8661EE36-374B-4BB9-B6F1-415E637450A0}
	EndGlobalSection
EndGlobal
